// !$*UTF8*$!
{
	archiveVersion = 1;
	classes = {
	};
	objectVersion = 46;
	objects = {

/* Begin PBXBuildFile section */
		F06244D31AB86C940036E473 /* StartViewController.swift in Sources */ = {isa = PBXBuildFile; fileRef = F06244D21AB86C940036E473 /* StartViewController.swift */; };
		F0723EB71AABA0FC0059026A /* AppDelegate.swift in Sources */ = {isa = PBXBuildFile; fileRef = F0723EB61AABA0FC0059026A /* AppDelegate.swift */; };
		F0723EB91AABA0FC0059026A /* ViewController.swift in Sources */ = {isa = PBXBuildFile; fileRef = F0723EB81AABA0FC0059026A /* ViewController.swift */; };
		F0723EBC1AABA0FC0059026A /* Main.storyboard in Resources */ = {isa = PBXBuildFile; fileRef = F0723EBA1AABA0FC0059026A /* Main.storyboard */; };
		F0723EBE1AABA0FC0059026A /* Images.xcassets in Resources */ = {isa = PBXBuildFile; fileRef = F0723EBD1AABA0FC0059026A /* Images.xcassets */; };
		F0723EC11AABA0FC0059026A /* LaunchScreen.xib in Resources */ = {isa = PBXBuildFile; fileRef = F0723EBF1AABA0FC0059026A /* LaunchScreen.xib */; };
		F0723ECD1AABA0FC0059026A /* Elevator_to_Space_v2Tests.swift in Sources */ = {isa = PBXBuildFile; fileRef = F0723ECC1AABA0FC0059026A /* Elevator_to_Space_v2Tests.swift */; };
/* End PBXBuildFile section */

/* Begin PBXContainerItemProxy section */
		F0723EC71AABA0FC0059026A /* PBXContainerItemProxy */ = {
			isa = PBXContainerItemProxy;
			containerPortal = F0723EA91AABA0FC0059026A /* Project object */;
			proxyType = 1;
			remoteGlobalIDString = F0723EB01AABA0FC0059026A;
			remoteInfo = "Elevator-to-Space-v2";
		};
/* End PBXContainerItemProxy section */

/* Begin PBXFileReference section */
		F06244D21AB86C940036E473 /* StartViewController.swift */ = {isa = PBXFileReference; fileEncoding = 4; lastKnownFileType = sourcecode.swift; path = StartViewController.swift; sourceTree = "<group>"; };
		F0723EB11AABA0FC0059026A /* Elevator-to-Space-v2.app */ = {isa = PBXFileReference; explicitFileType = wrapper.application; includeInIndex = 0; path = "Elevator-to-Space-v2.app"; sourceTree = BUILT_PRODUCTS_DIR; };
		F0723EB51AABA0FC0059026A /* Info.plist */ = {isa = PBXFileReference; lastKnownFileType = text.plist.xml; path = Info.plist; sourceTree = "<group>"; };
		F0723EB61AABA0FC0059026A /* AppDelegate.swift */ = {isa = PBXFileReference; lastKnownFileType = sourcecode.swift; path = AppDelegate.swift; sourceTree = "<group>"; };
		F0723EB81AABA0FC0059026A /* ViewController.swift */ = {isa = PBXFileReference; lastKnownFileType = sourcecode.swift; path = ViewController.swift; sourceTree = "<group>"; };
		F0723EBB1AABA0FC0059026A /* Base */ = {isa = PBXFileReference; lastKnownFileType = file.storyboard; name = Base; path = Base.lproj/Main.storyboard; sourceTree = "<group>"; };
		F0723EBD1AABA0FC0059026A /* Images.xcassets */ = {isa = PBXFileReference; lastKnownFileType = folder.assetcatalog; path = Images.xcassets; sourceTree = "<group>"; };
		F0723EC01AABA0FC0059026A /* Base */ = {isa = PBXFileReference; lastKnownFileType = file.xib; name = Base; path = Base.lproj/LaunchScreen.xib; sourceTree = "<group>"; };
		F0723EC61AABA0FC0059026A /* Elevator-to-Space-v2Tests.xctest */ = {isa = PBXFileReference; explicitFileType = wrapper.cfbundle; includeInIndex = 0; path = "Elevator-to-Space-v2Tests.xctest"; sourceTree = BUILT_PRODUCTS_DIR; };
		F0723ECB1AABA0FC0059026A /* Info.plist */ = {isa = PBXFileReference; lastKnownFileType = text.plist.xml; path = Info.plist; sourceTree = "<group>"; };
		F0723ECC1AABA0FC0059026A /* Elevator_to_Space_v2Tests.swift */ = {isa = PBXFileReference; lastKnownFileType = sourcecode.swift; path = Elevator_to_Space_v2Tests.swift; sourceTree = "<group>"; };
/* End PBXFileReference section */

/* Begin PBXFrameworksBuildPhase section */
		F0723EAE1AABA0FC0059026A /* Frameworks */ = {
			isa = PBXFrameworksBuildPhase;
			buildActionMask = 2147483647;
			files = (
			);
			runOnlyForDeploymentPostprocessing = 0;
		};
		F0723EC31AABA0FC0059026A /* Frameworks */ = {
			isa = PBXFrameworksBuildPhase;
			buildActionMask = 2147483647;
			files = (
			);
			runOnlyForDeploymentPostprocessing = 0;
		};
/* End PBXFrameworksBuildPhase section */

/* Begin PBXGroup section */
		F0723EA81AABA0FC0059026A = {
			isa = PBXGroup;
			children = (
				F0723EB31AABA0FC0059026A /* Elevator-to-Space-v2 */,
				F0723EC91AABA0FC0059026A /* Elevator-to-Space-v2Tests */,
				F0723EB21AABA0FC0059026A /* Products */,
			);
			sourceTree = "<group>";
		};
		F0723EB21AABA0FC0059026A /* Products */ = {
			isa = PBXGroup;
			children = (
				F0723EB11AABA0FC0059026A /* Elevator-to-Space-v2.app */,
				F0723EC61AABA0FC0059026A /* Elevator-to-Space-v2Tests.xctest */,
			);
			name = Products;
			sourceTree = "<group>";
		};
		F0723EB31AABA0FC0059026A /* Elevator-to-Space-v2 */ = {
			isa = PBXGroup;
			children = (
				F0723EB61AABA0FC0059026A /* AppDelegate.swift */,
				F0723EB81AABA0FC0059026A /* ViewController.swift */,
				F0723EBA1AABA0FC0059026A /* Main.storyboard */,
				F06244D21AB86C940036E473 /* StartViewController.swift */,
				F0723EBD1AABA0FC0059026A /* Images.xcassets */,
				F0723EBF1AABA0FC0059026A /* LaunchScreen.xib */,
				F0723EB41AABA0FC0059026A /* Supporting Files */,
			);
			path = "Elevator-to-Space-v2";
			sourceTree = "<group>";
		};
		F0723EB41AABA0FC0059026A /* Supporting Files */ = {
			isa = PBXGroup;
			children = (
				F0723EB51AABA0FC0059026A /* Info.plist */,
			);
			name = "Supporting Files";
			sourceTree = "<group>";
		};
		F0723EC91AABA0FC0059026A /* Elevator-to-Space-v2Tests */ = {
			isa = PBXGroup;
			children = (
				F0723ECC1AABA0FC0059026A /* Elevator_to_Space_v2Tests.swift */,
				F0723ECA1AABA0FC0059026A /* Supporting Files */,
			);
			path = "Elevator-to-Space-v2Tests";
			sourceTree = "<group>";
		};
		F0723ECA1AABA0FC0059026A /* Supporting Files */ = {
			isa = PBXGroup;
			children = (
				F0723ECB1AABA0FC0059026A /* Info.plist */,
			);
			name = "Supporting Files";
			sourceTree = "<group>";
		};
/* End PBXGroup section */

/* Begin PBXNativeTarget section */
		F0723EB01AABA0FC0059026A /* Elevator-to-Space-v2 */ = {
			isa = PBXNativeTarget;
			buildConfigurationList = F0723ED01AABA0FC0059026A /* Build configuration list for PBXNativeTarget "Elevator-to-Space-v2" */;
			buildPhases = (
				F0723EAD1AABA0FC0059026A /* Sources */,
				F0723EAE1AABA0FC0059026A /* Frameworks */,
				F0723EAF1AABA0FC0059026A /* Resources */,
			);
			buildRules = (
			);
			dependencies = (
			);
			name = "Elevator-to-Space-v2";
			productName = "Elevator-to-Space-v2";
			productReference = F0723EB11AABA0FC0059026A /* Elevator-to-Space-v2.app */;
			productType = "com.apple.product-type.application";
		};
		F0723EC51AABA0FC0059026A /* Elevator-to-Space-v2Tests */ = {
			isa = PBXNativeTarget;
			buildConfigurationList = F0723ED31AABA0FC0059026A /* Build configuration list for PBXNativeTarget "Elevator-to-Space-v2Tests" */;
			buildPhases = (
				F0723EC21AABA0FC0059026A /* Sources */,
				F0723EC31AABA0FC0059026A /* Frameworks */,
				F0723EC41AABA0FC0059026A /* Resources */,
			);
			buildRules = (
			);
			dependencies = (
				F0723EC81AABA0FC0059026A /* PBXTargetDependency */,
			);
			name = "Elevator-to-Space-v2Tests";
			productName = "Elevator-to-Space-v2Tests";
			productReference = F0723EC61AABA0FC0059026A /* Elevator-to-Space-v2Tests.xctest */;
			productType = "com.apple.product-type.bundle.unit-test";
		};
/* End PBXNativeTarget section */

/* Begin PBXProject section */
		F0723EA91AABA0FC0059026A /* Project object */ = {
			isa = PBXProject;
			attributes = {
				LastUpgradeCheck = 0610;
				ORGANIZATIONNAME = SP;
				TargetAttributes = {
					F0723EB01AABA0FC0059026A = {
						CreatedOnToolsVersion = 6.1.1;
					};
					F0723EC51AABA0FC0059026A = {
						CreatedOnToolsVersion = 6.1.1;
						TestTargetID = F0723EB01AABA0FC0059026A;
					};
				};
			};
			buildConfigurationList = F0723EAC1AABA0FC0059026A /* Build configuration list for PBXProject "Elevator-to-Space-v2" */;
			compatibilityVersion = "Xcode 3.2";
			developmentRegion = English;
			hasScannedForEncodings = 0;
			knownRegions = (
				en,
				Base,
			);
			mainGroup = F0723EA81AABA0FC0059026A;
			productRefGroup = F0723EB21AABA0FC0059026A /* Products */;
			projectDirPath = "";
			projectRoot = "";
			targets = (
				F0723EB01AABA0FC0059026A /* Elevator-to-Space-v2 */,
				F0723EC51AABA0FC0059026A /* Elevator-to-Space-v2Tests */,
			);
		};
/* End PBXProject section */

/* Begin PBXResourcesBuildPhase section */
		F0723EAF1AABA0FC0059026A /* Resources */ = {
			isa = PBXResourcesBuildPhase;
			buildActionMask = 2147483647;
			files = (
				F0723EBC1AABA0FC0059026A /* Main.storyboard in Resources */,
				F0723EC11AABA0FC0059026A /* LaunchScreen.xib in Resources */,
				F0723EBE1AABA0FC0059026A /* Images.xcassets in Resources */,
			);
			runOnlyForDeploymentPostprocessing = 0;
		};
		F0723EC41AABA0FC0059026A /* Resources */ = {
			isa = PBXResourcesBuildPhase;
			buildActionMask = 2147483647;
			files = (
			);
			runOnlyForDeploymentPostprocessing = 0;
		};
/* End PBXResourcesBuildPhase section */

/* Begin PBXSourcesBuildPhase section */
		F0723EAD1AABA0FC0059026A /* Sources */ = {
			isa = PBXSourcesBuildPhase;
			buildActionMask = 2147483647;
			files = (
				F0723EB91AABA0FC0059026A /* ViewController.swift in Sources */,
				F0723EB71AABA0FC0059026A /* AppDelegate.swift in Sources */,
				F06244D31AB86C940036E473 /* StartViewController.swift in Sources */,
			);
			runOnlyForDeploymentPostprocessing = 0;
		};
		F0723EC21AABA0FC0059026A /* Sources */ = {
			isa = PBXSourcesBuildPhase;
			buildActionMask = 2147483647;
			files = (
				F0723ECD1AABA0FC0059026A /* Elevator_to_Space_v2Tests.swift in Sources */,
			);
			runOnlyForDeploymentPostprocessing = 0;
		};
/* End PBXSourcesBuildPhase section */

/* Begin PBXTargetDependency section */
		F0723EC81AABA0FC0059026A /* PBXTargetDependency */ = {
			isa = PBXTargetDependency;
			target = F0723EB01AABA0FC0059026A /* Elevator-to-Space-v2 */;
			targetProxy = F0723EC71AABA0FC0059026A /* PBXContainerItemProxy */;
		};
/* End PBXTargetDependency section */

/* Begin PBXVariantGroup section */
		F0723EBA1AABA0FC0059026A /* Main.storyboard */ = {
			isa = PBXVariantGroup;
			children = (
				F0723EBB1AABA0FC0059026A /* Base */,
			);
			name = Main.storyboard;
			sourceTree = "<group>";
		};
		F0723EBF1AABA0FC0059026A /* LaunchScreen.xib */ = {
			isa = PBXVariantGroup;
			children = (
				F0723EC01AABA0FC0059026A /* Base */,
			);
			name = LaunchScreen.xib;
			sourceTree = "<group>";
		};
/* End PBXVariantGroup section */

/* Begin XCBuildConfiguration section */
		F0723ECE1AABA0FC0059026A /* Debug */ = {
			isa = XCBuildConfiguration;
			buildSettings = {
				ALWAYS_SEARCH_USER_PATHS = NO;
				CLANG_CXX_LANGUAGE_STANDARD = "gnu++0x";
				CLANG_CXX_LIBRARY = "libc++";
				CLANG_ENABLE_MODULES = YES;
				CLANG_ENABLE_OBJC_ARC = YES;
				CLANG_WARN_BOOL_CONVERSION = YES;
				CLANG_WARN_CONSTANT_CONVERSION = YES;
				CLANG_WARN_DIRECT_OBJC_ISA_USAGE = YES_ERROR;
				CLANG_WARN_EMPTY_BODY = YES;
				CLANG_WARN_ENUM_CONVERSION = YES;
				CLANG_WARN_INT_CONVERSION = YES;
				CLANG_WARN_OBJC_ROOT_CLASS = YES_ERROR;
				CLANG_WARN_UNREACHABLE_CODE = YES;
				CLANG_WARN__DUPLICATE_METHOD_MATCH = YES;
				"CODE_SIGN_IDENTITY[sdk=iphoneos*]" = "iPhone Developer";
				COPY_PHASE_STRIP = NO;
				ENABLE_STRICT_OBJC_MSGSEND = YES;
				GCC_C_LANGUAGE_STANDARD = gnu99;
				GCC_DYNAMIC_NO_PIC = NO;
				GCC_OPTIMIZATION_LEVEL = 0;
				GCC_PREPROCESSOR_DEFINITIONS = (
					"DEBUG=1",
					"$(inherited)",
				);
				GCC_SYMBOLS_PRIVATE_EXTERN = NO;
				GCC_WARN_64_TO_32_BIT_CONVERSION = YES;
				GCC_WARN_ABOUT_RETURN_TYPE = YES_ERROR;
				GCC_WARN_UNDECLARED_SELECTOR = YES;
				GCC_WARN_UNINITIALIZED_AUTOS = YES_AGGRESSIVE;
				GCC_WARN_UNUSED_FUNCTION = YES;
				GCC_WARN_UNUSED_VARIABLE = YES;
				IPHONEOS_DEPLOYMENT_TARGET = 8.1;
				MTL_ENABLE_DEBUG_INFO = YES;
				ONLY_ACTIVE_ARCH = YES;
				SDKROOT = iphoneos;
				SWIFT_OPTIMIZATION_LEVEL = "-Onone";
			};
			name = Debug;
		};
		F0723ECF1AABA0FC0059026A /* Release */ = {
			isa = XCBuildConfiguration;
			buildSettings = {
				ALWAYS_SEARCH_USER_PATHS = NO;
				CLANG_CXX_LANGUAGE_STANDARD = "gnu++0x";
				CLANG_CXX_LIBRARY = "libc++";
				CLANG_ENABLE_MODULES = YES;
				CLANG_ENABLE_OBJC_ARC = YES;
				CLANG_WARN_BOOL_CONVERSION = YES;
				CLANG_WARN_CONSTANT_CONVERSION = YES;
				CLANG_WARN_DIRECT_OBJC_ISA_USAGE = YES_ERROR;
				CLANG_WARN_EMPTY_BODY = YES;
				CLANG_WARN_ENUM_CONVERSION = YES;
				CLANG_WARN_INT_CONVERSION = YES;
				CLANG_WARN_OBJC_ROOT_CLASS = YES_ERROR;
				CLANG_WARN_UNREACHABLE_CODE = YES;
				CLANG_WARN__DUPLICATE_METHOD_MATCH = YES;
				"CODE_SIGN_IDENTITY[sdk=iphoneos*]" = "iPhone Developer";
				COPY_PHASE_STRIP = YES;
				ENABLE_NS_ASSERTIONS = NO;
				ENABLE_STRICT_OBJC_MSGSEND = YES;
				GCC_C_LANGUAGE_STANDARD = gnu99;
				GCC_WARN_64_TO_32_BIT_CONVERSION = YES;
				GCC_WARN_ABOUT_RETURN_TYPE = YES_ERROR;
				GCC_WARN_UNDECLARED_SELECTOR = YES;
				GCC_WARN_UNINITIALIZED_AUTOS = YES_AGGRESSIVE;
				GCC_WARN_UNUSED_FUNCTION = YES;
				GCC_WARN_UNUSED_VARIABLE = YES;
				IPHONEOS_DEPLOYMENT_TARGET = 8.1;
				MTL_ENABLE_DEBUG_INFO = NO;
				SDKROOT = iphoneos;
				VALIDATE_PRODUCT = YES;
			};
			name = Release;
		};
		F0723ED11AABA0FC0059026A /* Debug */ = {
			isa = XCBuildConfiguration;
			buildSettings = {
				ASSETCATALOG_COMPILER_APPICON_NAME = AppIcon;
				CODE_SIGN_IDENTITY = "iPhone Developer";
				INFOPLIST_FILE = "Elevator-to-Space-v2/Info.plist";
				LD_RUNPATH_SEARCH_PATHS = "$(inherited) @executable_path/Frameworks";
				PRODUCT_NAME = "$(TARGET_NAME)";
			};
			name = Debug;
		};
		F0723ED21AABA0FC0059026A /* Release */ = {
			isa = XCBuildConfiguration;
			buildSettings = {
				ASSETCATALOG_COMPILER_APPICON_NAME = AppIcon;
				CODE_SIGN_IDENTITY = "iPhone Developer";
				INFOPLIST_FILE = "Elevator-to-Space-v2/Info.plist";
				LD_RUNPATH_SEARCH_PATHS = "$(inherited) @executable_path/Frameworks";
				PRODUCT_NAME = "$(TARGET_NAME)";
			};
			name = Release;
		};
		F0723ED41AABA0FC0059026A /* Debug */ = {
			isa = XCBuildConfiguration;
			buildSettings = {
				BUNDLE_LOADER = "$(TEST_HOST)";
				FRAMEWORK_SEARCH_PATHS = (
					"$(SDKROOT)/Developer/Library/Frameworks",
					"$(inherited)",
				);
				GCC_PREPROCESSOR_DEFINITIONS = (
					"DEBUG=1",
					"$(inherited)",
				);
				INFOPLIST_FILE = "Elevator-to-Space-v2Tests/Info.plist";
				LD_RUNPATH_SEARCH_PATHS = "$(inherited) @executable_path/Frameworks @loader_path/Frameworks";
				PRODUCT_NAME = "$(TARGET_NAME)";
				TEST_HOST = "$(BUILT_PRODUCTS_DIR)/Elevator-to-Space-v2.app/Elevator-to-Space-v2";
			};
			name = Debug;
		};
		F0723ED51AABA0FC0059026A /* Release */ = {
			isa = XCBuildConfiguration;
			buildSettings = {
				BUNDLE_LOADER = "$(TEST_HOST)";
				FRAMEWORK_SEARCH_PATHS = (
					"$(SDKROOT)/Developer/Library/Frameworks",
					"$(inherited)",
				);
				INFOPLIST_FILE = "Elevator-to-Space-v2Tests/Info.plist";
				LD_RUNPATH_SEARCH_PATHS = "$(inherited) @executable_path/Frameworks @loader_path/Frameworks";
				PRODUCT_NAME = "$(TARGET_NAME)";
				TEST_HOST = "$(BUILT_PRODUCTS_DIR)/Elevator-to-Space-v2.app/Elevator-to-Space-v2";
			};
			name = Release;
		};
/* End XCBuildConfiguration section */

/* Begin XCConfigurationList section */
		F0723EAC1AABA0FC0059026A /* Build configuration list for PBXProject "Elevator-to-Space-v2" */ = {
			isa = XCConfigurationList;
			buildConfigurations = (
				F0723ECE1AABA0FC0059026A /* Debug */,
				F0723ECF1AABA0FC0059026A /* Release */,
			);
			defaultConfigurationIsVisible = 0;
			defaultConfigurationName = Release;
		};
		F0723ED01AABA0FC0059026A /* Build configuration list for PBXNativeTarget "Elevator-to-Space-v2" */ = {
			isa = XCConfigurationList;
			buildConfigurations = (
				F0723ED11AABA0FC0059026A /* Debug */,
				F0723ED21AABA0FC0059026A /* Release */,
			);
			defaultConfigurationIsVisible = 0;
			defaultConfigurationName = Release;
		};
		F0723ED31AABA0FC0059026A /* Build configuration list for PBXNativeTarget "Elevator-to-Space-v2Tests" */ = {
			isa = XCConfigurationList;
			buildConfigurations = (
				F0723ED41AABA0FC0059026A /* Debug */,
				F0723ED51AABA0FC0059026A /* Release */,
			);
			defaultConfigurationIsVisible = 0;
			defaultConfigurationName = Release;
		};
/* End XCConfigurationList section */
	};
	rootObject = F0723EA91AABA0FC0059026A /* Project object */;
}
